{
  "dependencies": {
    "windmill-client": "latest"
  }
}
//bun.lock
{
  "lockfileVersion": 1,
  "configVersion": 1,
  "workspaces": {
    "": {
      "dependencies": {
        "windmill-client": "latest",
      },
    },
  },
  "packages": {
    "windmill-client": ["windmill-client@1.638.2", "", {}, "sha512-sORUipM9zm2/0E4OtTRnJsFBmzDtZKlqi8cGB19p1tJhSpw2lvBDuE8AsQBMU1qiVtrxarhDsdBpFs2aaMhbVA=="],
  }
}
