version: v2
locks:
  f/common/notify_with_ntfy: 4f61126705df4c631adc4c75ca5defe3defadca22b70d64801c4fcc4668a00e0
  f/common/ntfy: d186dbe18a3697deb3088a5918b0484d29e2163e1f9dc65908e661f0aa6f0171
  f/common/resources: 4c9bf711948b25fb86903a61e2e19deed19a5e516965e267cb83ef0980b06475
  f/common/send_telegram_message: 407359b1afcc3741426bea4776958cfd26353bb621dda44d39b329081ffb7210
  f/common/telegram: 19337e7d979bbae48e8ca369474e40a7bfbae3f650f5d7e93a391915f08aff82
  f/cook/fetch_recipes: bd081724d023cfccc0e532f8ed861ddb9ce715aa0e324e452c08bb1380540fd6
  f/cook/format_menu: ac83d0b6ac392668f89d353226fbfa7382a1d26270ec1f9e4e4051361a694522
  f/cook/generate_menu.flow+__flow_hash: ee2a53360e03e98ccc0d99696aee55e2d95f855240d07cb72f8ad96d90c4fca1
  f/cook/generate_menu.flow+c.inline_script.sh: 0b7dddcafa3379ed7db866d4f294050a373195ce2b3869420142a19e9919e96e
  f/cook/parse_recipes: f8f1c7720701809df72c073920c4390b6ad45c089d214ffa7cdce36e7fe7a4d0
  f/cook/pick_recipes: e566063cd4af151092ae28971797758d2da7958fe20cb905256a764f0fb994fd
  f/cook/prompt_for_approval: 8964d258e1a189e0f963b47faf93852939632660e730b1f2c8e0d8c8515863dc
  f/weather/daily_weather_notification: d46cb1c29c7957d120a2e7746f74db12d2970da33abf733c5faf8bf16f39f15f
  f/weather/daily_weather_notification/ntfy/send_the_error_to_ntfy: 36e9cbf30fc4ac02cf783cdf45174582444b1c45c76b0e5272b83755f6ae1c60
  f/weather/fetch_weather: 989476132e06aa0d6687234d599b3dd4ac45ade12a87a6a0b218a69006b1364b
  f/weather/format_weather: ebe984313856832f43f092b41d14ceec28df02bc8c8a1a501212ef0ac5d8b744
