version: v2
locks:
  f/flows/daily_weather_notification/discord/send_the_error_to_discord: 12158d55e5725c9599f18f01a55cc4ba8b07b958a22657a59359d65226a84207
  f/flows/daily_weather_notification/ntfy/send_the_error_to_ntfy: 944ecdcea5c380239f5f5c01e1d719028ac713865155ff4fca3a8acdbac83b8a
  f/scripts/alerr_with_ntfy: a74f44eec9ca8398b3f442ecc8420ad66b74e29c8c84a79286968748317bed4d
  f/scripts/alert_with_ntfy: cd1c33f9eceae3f44ff6fe9a11ce4e65d2ef75cbb12e9b74143921271d20880f
  f/scripts/fetch_weather: 47baaab8fcf0533a9e129b44fbb4bcdd9f859d7ca75db09b27820f7a219d783b
  f/scripts/format_weather: 2cb30192c7bad91bbf013c582ddbca2b6899326e11fa095dbea05678994da67c
  f/scripts/notify_weather: 91e2943e91381678c958ed8d08f69563a1f7e3302434269898d39f352a3f6903
  f/scripts/notify_with_ntfy: 49371519efbc7192ceca2643b8d03cecca61291bd6fcfe6b9d300b37178640c1
