version: v2
locks:
  f/common/notify_with_ntfy: 4f61126705df4c631adc4c75ca5defe3defadca22b70d64801c4fcc4668a00e0
  f/common/resources: 4f52174106804f18bf21c32c184083ce5e4689c7330e76e7dda0abd474886f6a
  f/common/send_telegram_message: b22c3e68fae9b60f9e12e129a09a79ae02fd2ff295046c0ceec9b5b92d1410f9
  f/cook/fetch_recipes: 147da75052fa8a7d924bef6065f05aed5ae251583fa67b2854808d57c874b924
  f/cook/format_menu: ac83d0b6ac392668f89d353226fbfa7382a1d26270ec1f9e4e4051361a694522
  f/cook/generate_menu.flow+__flow_hash: 5254943040c7e74c1e7d81824731182151b0444715ba40291745f88dd4c0ee55
  f/cook/generate_menu.flow+c.inline_script.sh: 4b7c3b9029b9bdc282a005cf04ee89d6b91ee31628091b07d259fd17307d7390
  f/cook/parse_recipes: f8f1c7720701809df72c073920c4390b6ad45c089d214ffa7cdce36e7fe7a4d0
  f/cook/pick_recipes: e566063cd4af151092ae28971797758d2da7958fe20cb905256a764f0fb994fd
  f/cook/prompt_for_approval: a78336439cfc34e690a89fc955407149d77b0c0d65048e8afee43bf8e65b1149
  f/weather/daily_weather_notification/ntfy/send_the_error_to_ntfy: 36e9cbf30fc4ac02cf783cdf45174582444b1c45c76b0e5272b83755f6ae1c60
  f/weather/fetch_weather: 989476132e06aa0d6687234d599b3dd4ac45ade12a87a6a0b218a69006b1364b
  f/weather/format_weather: ebe984313856832f43f092b41d14ceec28df02bc8c8a1a501212ef0ac5d8b744
