{
  "dependencies": {
    "windmill-client": "latest"
  }
}
//bun.lock
{
  "lockfileVersion": 1,
  "configVersion": 1,
  "workspaces": {
    "": {
      "dependencies": {
        "windmill-client": "latest",
      },
    },
  },
  "packages": {
    "windmill-client": ["windmill-client@1.638.3", "", {}, "sha512-wNue0ItRxTObvk6vx6hBtmcvuCpVf6X+L548LEbTxEmHe6iJoPzqANlElZWr9JBQJTvOdfM5rS1avm1Ge4/VTA=="],
  }
}
