{
  "dependencies": {
    "windmill-client": "latest"
  }
}
//bun.lock
{
  "lockfileVersion": 1,
  "configVersion": 1,
  "workspaces": {
    "": {
      "dependencies": {
        "windmill-client": "latest",
      },
    },
  },
  "packages": {
    "windmill-client": ["windmill-client@1.638.4", "", {}, "sha512-D04PboAjuRDUfwjZXSYcCUygkj4RDawq+jNC3YSy8cv/FG9ngfNGExmdlg4qhpw5Ej8h1c6a0CfgeCDBWWpsrQ=="],
  }
}
